
Microsoft Visual Studio Solution File, Format Version 12.00
# Visual Studio Version 17
VisualStudioVersion = 17.11.34909.67
MinimumVisualStudioVersion = 10.0.40219.1
Project("{FAE04EC0-301F-11D3-BF4B-00C04F79EFBC}") = "sports", "sports\sports.csproj", "{915512D7-CB71-4D33-9510-DA3219C8ACB2}"
EndProject
Global
	GlobalSection(SolutionConfigurationPlatforms) = preSolution
		Debug|Any CPU = Debug|Any CPU
		Release|Any CPU = Release|Any CPU
	EndGlobalSection
	GlobalSection(ProjectConfigurationPlatforms) = postSolution
		{915512D7-CB71-4D33-9510-DA3219C8ACB2}.Debug|Any CPU.ActiveCfg = Debug|Any CPU
		{915512D7-CB71-4D33-9510-DA3219C8ACB2}.Debug|Any CPU.Build.0 = Debug|Any CPU
		{915512D7-CB71-4D33-9510-DA3219C8ACB2}.Release|Any CPU.ActiveCfg = Release|Any CPU
		{915512D7-CB71-4D33-9510-DA3219C8ACB2}.Release|Any CPU.Build.0 = Release|Any CPU
	EndGlobalSection
	GlobalSection(SolutionProperties) = preSolution
		HideSolutionNode = FALSE
	EndGlobalSection
	GlobalSection(ExtensibilityGlobals) = postSolution
		SolutionGuid = {E56C6625-120D-4C1E-8A1C-A2D795D0EAD7}
	EndGlobalSection
EndGlobal
